
Microsoft Visual Studio Solution File, Format Version 12.00
# Visual Studio Version 17
VisualStudioVersion = 17.6.33723.286
MinimumVisualStudioVersion = 10.0.40219.1
Project("{8BC9CEB8-8B4A-11D0-8D11-00A0C91BC942}") = "Daniil11.09", "Daniil11.09\Daniil11.09.vcxproj", "{4FC544F1-65FF-4FCE-B302-62F99528339B}"
EndProject
Global
	GlobalSection(SolutionConfigurationPlatforms) = preSolution
		Debug|x64 = Debug|x64
		Debug|x86 = Debug|x86
		Release|x64 = Release|x64
		Release|x86 = Release|x86
	EndGlobalSection
	GlobalSection(ProjectConfigurationPlatforms) = postSolution
		{4FC544F1-65FF-4FCE-B302-62F99528339B}.Debug|x64.ActiveCfg = Debug|x64
		{4FC544F1-65FF-4FCE-B302-62F99528339B}.Debug|x64.Build.0 = Debug|x64
		{4FC544F1-65FF-4FCE-B302-62F99528339B}.Debug|x86.ActiveCfg = Debug|Win32
		{4FC544F1-65FF-4FCE-B302-62F99528339B}.Debug|x86.Build.0 = Debug|Win32
		{4FC544F1-65FF-4FCE-B302-62F99528339B}.Release|x64.ActiveCfg = Release|x64
		{4FC544F1-65FF-4FCE-B302-62F99528339B}.Release|x64.Build.0 = Release|x64
		{4FC544F1-65FF-4FCE-B302-62F99528339B}.Release|x86.ActiveCfg = Release|Win32
		{4FC544F1-65FF-4FCE-B302-62F99528339B}.Release|x86.Build.0 = Release|Win32
	EndGlobalSection
	GlobalSection(SolutionProperties) = preSolution
		HideSolutionNode = FALSE
	EndGlobalSection
	GlobalSection(ExtensibilityGlobals) = postSolution
		SolutionGuid = {A40E286F-0390-47AE-9D89-D99A7561B2F4}
	EndGlobalSection
EndGlobal
